
Microsoft Visual Studio Solution File, Format Version 12.00
# Visual Studio 2013
VisualStudioVersion = 12.0.40629.0
MinimumVisualStudioVersion = 10.0.40219.1
Project("{FAE04EC0-301F-11D3-BF4B-00C04F79EFBC}") = "RewriteName", "RewriteName\RewriteName.csproj", "{9F1407E9-F9E8-4554-B02A-3E2CF335EE9A}"
EndProject
Project("{840C416C-B8F3-42BC-B0DD-F6BB14C9F8CB}") = "RenameFilesTool", "RenameFilesTool\RenameFilesTool.aiproj", "{7FCE8B5A-9A1D-4B1A-B3C2-AD6B8214DA6B}"
EndProject
Global
	GlobalSection(SolutionConfigurationPlatforms) = preSolution
		All|Any CPU = All|Any CPU
		Debug|Any CPU = Debug|Any CPU
		Release|Any CPU = Release|Any CPU
	EndGlobalSection
	GlobalSection(ProjectConfigurationPlatforms) = postSolution
		{9F1407E9-F9E8-4554-B02A-3E2CF335EE9A}.All|Any CPU.ActiveCfg = Release|Any CPU
		{9F1407E9-F9E8-4554-B02A-3E2CF335EE9A}.All|Any CPU.Build.0 = Release|Any CPU
		{9F1407E9-F9E8-4554-B02A-3E2CF335EE9A}.Debug|Any CPU.ActiveCfg = Debug|Any CPU
		{9F1407E9-F9E8-4554-B02A-3E2CF335EE9A}.Debug|Any CPU.Build.0 = Debug|Any CPU
		{9F1407E9-F9E8-4554-B02A-3E2CF335EE9A}.Release|Any CPU.ActiveCfg = Release|Any CPU
		{9F1407E9-F9E8-4554-B02A-3E2CF335EE9A}.Release|Any CPU.Build.0 = Release|Any CPU
		{7FCE8B5A-9A1D-4B1A-B3C2-AD6B8214DA6B}.All|Any CPU.ActiveCfg = DefaultBuild
		{7FCE8B5A-9A1D-4B1A-B3C2-AD6B8214DA6B}.All|Any CPU.Build.0 = DefaultBuild
		{7FCE8B5A-9A1D-4B1A-B3C2-AD6B8214DA6B}.Debug|Any CPU.ActiveCfg = DefaultBuild
		{7FCE8B5A-9A1D-4B1A-B3C2-AD6B8214DA6B}.Debug|Any CPU.Build.0 = DefaultBuild
		{7FCE8B5A-9A1D-4B1A-B3C2-AD6B8214DA6B}.Release|Any CPU.ActiveCfg = DefaultBuild
		{7FCE8B5A-9A1D-4B1A-B3C2-AD6B8214DA6B}.Release|Any CPU.Build.0 = DefaultBuild
	EndGlobalSection
	GlobalSection(SolutionProperties) = preSolution
		HideSolutionNode = FALSE
	EndGlobalSection
EndGlobal
